// !$*UTF8*$!
{
	archiveVersion = 1;
	classes = {
	};
	objectVersion = 50;
	objects = {

/* Begin PBXBuildFile section */
		59877B3B5D56440DA8ED8F34 /* Pods_RecipeAIapp.framework in Frameworks */ = {isa = PBXBuildFile; fileRef = A0AE7DBF9F6805CEEA07817E /* Pods_RecipeAIapp.framework */; };
		6CD0EC82CCE39664E13EC5A9 /* Pods_RecipeAIappTests.framework in Frameworks */ = {isa = PBXBuildFile; fileRef = 0D8BE95E7F4EF477F57B4A55 /* Pods_RecipeAIappTests.framework */; };
		B9571F837D13B8E1B4E04FC8 /* Pods_RecipeAIappUITests.framework in Frameworks */ = {isa = PBXBuildFile; fileRef = F6E8E88ADA23934B638A46D7 /* Pods_RecipeAIappUITests.framework */; };
		E60964E921B7514400BFCBA6 /* AppDelegate.swift in Sources */ = {isa = PBXBuildFile; fileRef = E60964E821B7514400BFCBA6 /* AppDelegate.swift */; };
		E60964EB21B7514400BFCBA6 /* ViewController.swift in Sources */ = {isa = PBXBuildFile; fileRef = E60964EA21B7514400BFCBA6 /* ViewController.swift */; };
		E60964EE21B7514400BFCBA6 /* Main.storyboard in Resources */ = {isa = PBXBuildFile; fileRef = E60964EC21B7514400BFCBA6 /* Main.storyboard */; };
		E60964F021B7514600BFCBA6 /* Assets.xcassets in Resources */ = {isa = PBXBuildFile; fileRef = E60964EF21B7514600BFCBA6 /* Assets.xcassets */; };
		E60964F321B7514600BFCBA6 /* LaunchScreen.storyboard in Resources */ = {isa = PBXBuildFile; fileRef = E60964F121B7514600BFCBA6 /* LaunchScreen.storyboard */; };
		E60964FE21B7514700BFCBA6 /* RecipeAIappTests.swift in Sources */ = {isa = PBXBuildFile; fileRef = E60964FD21B7514700BFCBA6 /* RecipeAIappTests.swift */; };
		E609650921B7514700BFCBA6 /* RecipeAIappUITests.swift in Sources */ = {isa = PBXBuildFile; fileRef = E609650821B7514700BFCBA6 /* RecipeAIappUITests.swift */; };
		E60A0CC621B8C07A00B08613 /* FrameExtractor.swift in Sources */ = {isa = PBXBuildFile; fileRef = E60A0CC521B8C07A00B08613 /* FrameExtractor.swift */; };
		E60A0CC821B8C26500B08613 /* PhotoLibViewController.swift in Sources */ = {isa = PBXBuildFile; fileRef = E60A0CC721B8C26500B08613 /* PhotoLibViewController.swift */; };
		E63F3C5221B75CAA0050F028 /* GoogleService-Info.plist in Resources */ = {isa = PBXBuildFile; fileRef = E63F3C5121B75CAA0050F028 /* GoogleService-Info.plist */; };
/* End PBXBuildFile section */

/* Begin PBXContainerItemProxy section */
		E60964FA21B7514700BFCBA6 /* PBXContainerItemProxy */ = {
			isa = PBXContainerItemProxy;
			containerPortal = E60964DD21B7514400BFCBA6 /* Project object */;
			proxyType = 1;
			remoteGlobalIDString = E60964E421B7514400BFCBA6;
			remoteInfo = RecipeAIapp;
		};
		E609650521B7514700BFCBA6 /* PBXContainerItemProxy */ = {
			isa = PBXContainerItemProxy;
			containerPortal = E60964DD21B7514400BFCBA6 /* Project object */;
			proxyType = 1;
			remoteGlobalIDString = E60964E421B7514400BFCBA6;
			remoteInfo = RecipeAIapp;
		};
/* End PBXContainerItemProxy section */

/* Begin PBXFileReference section */
		07E1E8BCA0AA515BE666DFD0 /* Pods-RecipeAIappUITests.debug.xcconfig */ = {isa = PBXFileReference; includeInIndex = 1; lastKnownFileType = text.xcconfig; name = "Pods-RecipeAIappUITests.debug.xcconfig"; path = "Pods/Target Support Files/Pods-RecipeAIappUITests/Pods-RecipeAIappUITests.debug.xcconfig"; sourceTree = "<group>"; };
		0D8BE95E7F4EF477F57B4A55 /* Pods_RecipeAIappTests.framework */ = {isa = PBXFileReference; explicitFileType = wrapper.framework; includeInIndex = 0; path = Pods_RecipeAIappTests.framework; sourceTree = BUILT_PRODUCTS_DIR; };
		19584B5109F63041FA5B1131 /* Pods-RecipeAIapp.release.xcconfig */ = {isa = PBXFileReference; includeInIndex = 1; lastKnownFileType = text.xcconfig; name = "Pods-RecipeAIapp.release.xcconfig"; path = "Pods/Target Support Files/Pods-RecipeAIapp/Pods-RecipeAIapp.release.xcconfig"; sourceTree = "<group>"; };
		6D24CD2ADE8A54F30CCD43C4 /* Pods-RecipeAIappTests.release.xcconfig */ = {isa = PBXFileReference; includeInIndex = 1; lastKnownFileType = text.xcconfig; name = "Pods-RecipeAIappTests.release.xcconfig"; path = "Pods/Target Support Files/Pods-RecipeAIappTests/Pods-RecipeAIappTests.release.xcconfig"; sourceTree = "<group>"; };
		708980355EB72B8E8489A07A /* Pods-RecipeAIapp.debug.xcconfig */ = {isa = PBXFileReference; includeInIndex = 1; lastKnownFileType = text.xcconfig; name = "Pods-RecipeAIapp.debug.xcconfig"; path = "Pods/Target Support Files/Pods-RecipeAIapp/Pods-RecipeAIapp.debug.xcconfig"; sourceTree = "<group>"; };
		9D08B580D5DDF56A897821A7 /* Pods-RecipeAIappTests.debug.xcconfig */ = {isa = PBXFileReference; includeInIndex = 1; lastKnownFileType = text.xcconfig; name = "Pods-RecipeAIappTests.debug.xcconfig"; path = "Pods/Target Support Files/Pods-RecipeAIappTests/Pods-RecipeAIappTests.debug.xcconfig"; sourceTree = "<group>"; };
		9D1C8F2B373ADF0DDA467346 /* Pods-RecipeAIappUITests.release.xcconfig */ = {isa = PBXFileReference; includeInIndex = 1; lastKnownFileType = text.xcconfig; name = "Pods-RecipeAIappUITests.release.xcconfig"; path = "Pods/Target Support Files/Pods-RecipeAIappUITests/Pods-RecipeAIappUITests.release.xcconfig"; sourceTree = "<group>"; };
		A0AE7DBF9F6805CEEA07817E /* Pods_RecipeAIapp.framework */ = {isa = PBXFileReference; explicitFileType = wrapper.framework; includeInIndex = 0; path = Pods_RecipeAIapp.framework; sourceTree = BUILT_PRODUCTS_DIR; };
		E60964E521B7514400BFCBA6 /* RecipeAIapp.app */ = {isa = PBXFileReference; explicitFileType = wrapper.application; includeInIndex = 0; path = RecipeAIapp.app; sourceTree = BUILT_PRODUCTS_DIR; };
		E60964E821B7514400BFCBA6 /* AppDelegate.swift */ = {isa = PBXFileReference; lastKnownFileType = sourcecode.swift; path = AppDelegate.swift; sourceTree = "<group>"; };
		E60964EA21B7514400BFCBA6 /* ViewController.swift */ = {isa = PBXFileReference; lastKnownFileType = sourcecode.swift; path = ViewController.swift; sourceTree = "<group>"; };
		E60964ED21B7514400BFCBA6 /* Base */ = {isa = PBXFileReference; lastKnownFileType = file.storyboard; name = Base; path = Base.lproj/Main.storyboard; sourceTree = "<group>"; };
		E60964EF21B7514600BFCBA6 /* Assets.xcassets */ = {isa = PBXFileReference; lastKnownFileType = folder.assetcatalog; path = Assets.xcassets; sourceTree = "<group>"; };
		E60964F221B7514600BFCBA6 /* Base */ = {isa = PBXFileReference; lastKnownFileType = file.storyboard; name = Base; path = Base.lproj/LaunchScreen.storyboard; sourceTree = "<group>"; };
		E60964F421B7514600BFCBA6 /* Info.plist */ = {isa = PBXFileReference; lastKnownFileType = text.plist.xml; path = Info.plist; sourceTree = "<group>"; };
		E60964F921B7514700BFCBA6 /* RecipeAIappTests.xctest */ = {isa = PBXFileReference; explicitFileType = wrapper.cfbundle; includeInIndex = 0; path = RecipeAIappTests.xctest; sourceTree = BUILT_PRODUCTS_DIR; };
		E60964FD21B7514700BFCBA6 /* RecipeAIappTests.swift */ = {isa = PBXFileReference; lastKnownFileType = sourcecode.swift; path = RecipeAIappTests.swift; sourceTree = "<group>"; };
		E60964FF21B7514700BFCBA6 /* Info.plist */ = {isa = PBXFileReference; lastKnownFileType = text.plist.xml; path = Info.plist; sourceTree = "<group>"; };
		E609650421B7514700BFCBA6 /* RecipeAIappUITests.xctest */ = {isa = PBXFileReference; explicitFileType = wrapper.cfbundle; includeInIndex = 0; path = RecipeAIappUITests.xctest; sourceTree = BUILT_PRODUCTS_DIR; };
		E609650821B7514700BFCBA6 /* RecipeAIappUITests.swift */ = {isa = PBXFileReference; lastKnownFileType = sourcecode.swift; path = RecipeAIappUITests.swift; sourceTree = "<group>"; };
		E609650A21B7514700BFCBA6 /* Info.plist */ = {isa = PBXFileReference; lastKnownFileType = text.plist.xml; path = Info.plist; sourceTree = "<group>"; };
		E60A0CC521B8C07A00B08613 /* FrameExtractor.swift */ = {isa = PBXFileReference; lastKnownFileType = sourcecode.swift; path = FrameExtractor.swift; sourceTree = "<group>"; };
		E60A0CC721B8C26500B08613 /* PhotoLibViewController.swift */ = {isa = PBXFileReference; lastKnownFileType = sourcecode.swift; path = PhotoLibViewController.swift; sourceTree = "<group>"; };
		E63F3C5121B75CAA0050F028 /* GoogleService-Info.plist */ = {isa = PBXFileReference; fileEncoding = 4; lastKnownFileType = text.plist.xml; path = "GoogleService-Info.plist"; sourceTree = "<group>"; };
		F6E8E88ADA23934B638A46D7 /* Pods_RecipeAIappUITests.framework */ = {isa = PBXFileReference; explicitFileType = wrapper.framework; includeInIndex = 0; path = Pods_RecipeAIappUITests.framework; sourceTree = BUILT_PRODUCTS_DIR; };
/* End PBXFileReference section */

/* Begin PBXFrameworksBuildPhase section */
		E60964E221B7514400BFCBA6 /* Frameworks */ = {
			isa = PBXFrameworksBuildPhase;
			buildActionMask = 2147483647;
			files = (
				59877B3B5D56440DA8ED8F34 /* Pods_RecipeAIapp.framework in Frameworks */,
			);
			runOnlyForDeploymentPostprocessing = 0;
		};
		E60964F621B7514700BFCBA6 /* Frameworks */ = {
			isa = PBXFrameworksBuildPhase;
			buildActionMask = 2147483647;
			files = (
				6CD0EC82CCE39664E13EC5A9 /* Pods_RecipeAIappTests.framework in Frameworks */,
			);
			runOnlyForDeploymentPostprocessing = 0;
		};
		E609650121B7514700BFCBA6 /* Frameworks */ = {
			isa = PBXFrameworksBuildPhase;
			buildActionMask = 2147483647;
			files = (
				B9571F837D13B8E1B4E04FC8 /* Pods_RecipeAIappUITests.framework in Frameworks */,
			);
			runOnlyForDeploymentPostprocessing = 0;
		};
/* End PBXFrameworksBuildPhase section */

/* Begin PBXGroup section */
		6E88FFEB33D7182F395F6C85 /* Frameworks */ = {
			isa = PBXGroup;
			children = (
				A0AE7DBF9F6805CEEA07817E /* Pods_RecipeAIapp.framework */,
				0D8BE95E7F4EF477F57B4A55 /* Pods_RecipeAIappTests.framework */,
				F6E8E88ADA23934B638A46D7 /* Pods_RecipeAIappUITests.framework */,
			);
			name = Frameworks;
			sourceTree = "<group>";
		};
		E5DC23103C7C0E9058DA2809 /* Pods */ = {
			isa = PBXGroup;
			children = (
				708980355EB72B8E8489A07A /* Pods-RecipeAIapp.debug.xcconfig */,
				19584B5109F63041FA5B1131 /* Pods-RecipeAIapp.release.xcconfig */,
				9D08B580D5DDF56A897821A7 /* Pods-RecipeAIappTests.debug.xcconfig */,
				6D24CD2ADE8A54F30CCD43C4 /* Pods-RecipeAIappTests.release.xcconfig */,
				07E1E8BCA0AA515BE666DFD0 /* Pods-RecipeAIappUITests.debug.xcconfig */,
				9D1C8F2B373ADF0DDA467346 /* Pods-RecipeAIappUITests.release.xcconfig */,
			);
			name = Pods;
			sourceTree = "<group>";
		};
		E60964DC21B7514400BFCBA6 = {
			isa = PBXGroup;
			children = (
				E60964E721B7514400BFCBA6 /* RecipeAIapp */,
				E60964FC21B7514700BFCBA6 /* RecipeAIappTests */,
				E609650721B7514700BFCBA6 /* RecipeAIappUITests */,
				E60964E621B7514400BFCBA6 /* Products */,
				E5DC23103C7C0E9058DA2809 /* Pods */,
				6E88FFEB33D7182F395F6C85 /* Frameworks */,
			);
			sourceTree = "<group>";
		};
		E60964E621B7514400BFCBA6 /* Products */ = {
			isa = PBXGroup;
			children = (
				E60964E521B7514400BFCBA6 /* RecipeAIapp.app */,
				E60964F921B7514700BFCBA6 /* RecipeAIappTests.xctest */,
				E609650421B7514700BFCBA6 /* RecipeAIappUITests.xctest */,
			);
			name = Products;
			sourceTree = "<group>";
		};
		E60964E721B7514400BFCBA6 /* RecipeAIapp */ = {
			isa = PBXGroup;
			children = (
				E60964E821B7514400BFCBA6 /* AppDelegate.swift */,
				E60964EA21B7514400BFCBA6 /* ViewController.swift */,
				E60A0CC521B8C07A00B08613 /* FrameExtractor.swift */,
				E60964EC21B7514400BFCBA6 /* Main.storyboard */,
				E60964EF21B7514600BFCBA6 /* Assets.xcassets */,
				E60964F121B7514600BFCBA6 /* LaunchScreen.storyboard */,
				E60964F421B7514600BFCBA6 /* Info.plist */,
				E63F3C5121B75CAA0050F028 /* GoogleService-Info.plist */,
				E60A0CC721B8C26500B08613 /* PhotoLibViewController.swift */,
			);
			path = RecipeAIapp;
			sourceTree = "<group>";
		};
		E60964FC21B7514700BFCBA6 /* RecipeAIappTests */ = {
			isa = PBXGroup;
			children = (
				E60964FD21B7514700BFCBA6 /* RecipeAIappTests.swift */,
				E60964FF21B7514700BFCBA6 /* Info.plist */,
			);
			path = RecipeAIappTests;
			sourceTree = "<group>";
		};
		E609650721B7514700BFCBA6 /* RecipeAIappUITests */ = {
			isa = PBXGroup;
			children = (
				E609650821B7514700BFCBA6 /* RecipeAIappUITests.swift */,
				E609650A21B7514700BFCBA6 /* Info.plist */,
			);
			path = RecipeAIappUITests;
			sourceTree = "<group>";
		};
/* End PBXGroup section */

/* Begin PBXNativeTarget section */
		E60964E421B7514400BFCBA6 /* RecipeAIapp */ = {
			isa = PBXNativeTarget;
			buildConfigurationList = E609650D21B7514700BFCBA6 /* Build configuration list for PBXNativeTarget "RecipeAIapp" */;
			buildPhases = (
				193974F2A7FF9BA5CB4B5EC7 /* [CP] Check Pods Manifest.lock */,
				E60964E121B7514400BFCBA6 /* Sources */,
				E60964E221B7514400BFCBA6 /* Frameworks */,
				E60964E321B7514400BFCBA6 /* Resources */,
				C4AD59A59206853858E1257C /* [CP] Embed Pods Frameworks */,
			);
			buildRules = (
			);
			dependencies = (
			);
			name = RecipeAIapp;
			productName = RecipeAIapp;
			productReference = E60964E521B7514400BFCBA6 /* RecipeAIapp.app */;
			productType = "com.apple.product-type.application";
		};
		E60964F821B7514700BFCBA6 /* RecipeAIappTests */ = {
			isa = PBXNativeTarget;
			buildConfigurationList = E609651021B7514700BFCBA6 /* Build configuration list for PBXNativeTarget "RecipeAIappTests" */;
			buildPhases = (
				C0A5D3217B5C01EFC791332C /* [CP] Check Pods Manifest.lock */,
				E60964F521B7514700BFCBA6 /* Sources */,
				E60964F621B7514700BFCBA6 /* Frameworks */,
				E60964F721B7514700BFCBA6 /* Resources */,
			);
			buildRules = (
			);
			dependencies = (
				E60964FB21B7514700BFCBA6 /* PBXTargetDependency */,
			);
			name = RecipeAIappTests;
			productName = RecipeAIappTests;
			productReference = E60964F921B7514700BFCBA6 /* RecipeAIappTests.xctest */;
			productType = "com.apple.product-type.bundle.unit-test";
		};
		E609650321B7514700BFCBA6 /* RecipeAIappUITests */ = {
			isa = PBXNativeTarget;
			buildConfigurationList = E609651321B7514700BFCBA6 /* Build configuration list for PBXNativeTarget "RecipeAIappUITests" */;
			buildPhases = (
				33AC89487F6C7D370AF3DAA7 /* [CP] Check Pods Manifest.lock */,
				E609650021B7514700BFCBA6 /* Sources */,
				E609650121B7514700BFCBA6 /* Frameworks */,
				E609650221B7514700BFCBA6 /* Resources */,
			);
			buildRules = (
			);
			dependencies = (
				E609650621B7514700BFCBA6 /* PBXTargetDependency */,
			);
			name = RecipeAIappUITests;
			productName = RecipeAIappUITests;
			productReference = E609650421B7514700BFCBA6 /* RecipeAIappUITests.xctest */;
			productType = "com.apple.product-type.bundle.ui-testing";
		};
/* End PBXNativeTarget section */

/* Begin PBXProject section */
		E60964DD21B7514400BFCBA6 /* Project object */ = {
			isa = PBXProject;
			attributes = {
				LastSwiftUpdateCheck = 1010;
				LastUpgradeCheck = 1010;
				ORGANIZATIONNAME = Sajan;
				TargetAttributes = {
					E60964E421B7514400BFCBA6 = {
						CreatedOnToolsVersion = 10.1;
					};
					E60964F821B7514700BFCBA6 = {
						CreatedOnToolsVersion = 10.1;
						TestTargetID = E60964E421B7514400BFCBA6;
					};
					E609650321B7514700BFCBA6 = {
						CreatedOnToolsVersion = 10.1;
						TestTargetID = E60964E421B7514400BFCBA6;
					};
				};
			};
			buildConfigurationList = E60964E021B7514400BFCBA6 /* Build configuration list for PBXProject "RecipeAIapp" */;
			compatibilityVersion = "Xcode 9.3";
			developmentRegion = en;
			hasScannedForEncodings = 0;
			knownRegions = (
				en,
				Base,
			);
			mainGroup = E60964DC21B7514400BFCBA6;
			productRefGroup = E60964E621B7514400BFCBA6 /* Products */;
			projectDirPath = "";
			projectRoot = "";
			targets = (
				E60964E421B7514400BFCBA6 /* RecipeAIapp */,
				E60964F821B7514700BFCBA6 /* RecipeAIappTests */,
				E609650321B7514700BFCBA6 /* RecipeAIappUITests */,
			);
		};
/* End PBXProject section */

/* Begin PBXResourcesBuildPhase section */
		E60964E321B7514400BFCBA6 /* Resources */ = {
			isa = PBXResourcesBuildPhase;
			buildActionMask = 2147483647;
			files = (
				E60964F321B7514600BFCBA6 /* LaunchScreen.storyboard in Resources */,
				E63F3C5221B75CAA0050F028 /* GoogleService-Info.plist in Resources */,
				E60964F021B7514600BFCBA6 /* Assets.xcassets in Resources */,
				E60964EE21B7514400BFCBA6 /* Main.storyboard in Resources */,
			);
			runOnlyForDeploymentPostprocessing = 0;
		};
		E60964F721B7514700BFCBA6 /* Resources */ = {
			isa = PBXResourcesBuildPhase;
			buildActionMask = 2147483647;
			files = (
			);
			runOnlyForDeploymentPostprocessing = 0;
		};
		E609650221B7514700BFCBA6 /* Resources */ = {
			isa = PBXResourcesBuildPhase;
			buildActionMask = 2147483647;
			files = (
			);
			runOnlyForDeploymentPostprocessing = 0;
		};
/* End PBXResourcesBuildPhase section */

/* Begin PBXShellScriptBuildPhase section */
		193974F2A7FF9BA5CB4B5EC7 /* [CP] Check Pods Manifest.lock */ = {
			isa = PBXShellScriptBuildPhase;
			buildActionMask = 2147483647;
			files = (
			);
			inputFileListPaths = (
			);
			inputPaths = (
				"${PODS_PODFILE_DIR_PATH}/Podfile.lock",
				"${PODS_ROOT}/Manifest.lock",
			);
			name = "[CP] Check Pods Manifest.lock";
			outputFileListPaths = (
			);
			outputPaths = (
				"$(DERIVED_FILE_DIR)/Pods-RecipeAIapp-checkManifestLockResult.txt",
			);
			runOnlyForDeploymentPostprocessing = 0;
			shellPath = /bin/sh;
			shellScript = "diff \"${PODS_PODFILE_DIR_PATH}/Podfile.lock\" \"${PODS_ROOT}/Manifest.lock\" > /dev/null\nif [ $? != 0 ] ; then\n    # print error to STDERR\n    echo \"error: The sandbox is not in sync with the Podfile.lock. Run 'pod install' or update your CocoaPods installation.\" >&2\n    exit 1\nfi\n# This output is used by Xcode 'outputs' to avoid re-running this script phase.\necho \"SUCCESS\" > \"${SCRIPT_OUTPUT_FILE_0}\"\n";
			showEnvVarsInLog = 0;
		};
		33AC89487F6C7D370AF3DAA7 /* [CP] Check Pods Manifest.lock */ = {
			isa = PBXShellScriptBuildPhase;
			buildActionMask = 2147483647;
			files = (
			);
			inputFileListPaths = (
			);
			inputPaths = (
				"${PODS_PODFILE_DIR_PATH}/Podfile.lock",
				"${PODS_ROOT}/Manifest.lock",
			);
			name = "[CP] Check Pods Manifest.lock";
			outputFileListPaths = (
			);
			outputPaths = (
				"$(DERIVED_FILE_DIR)/Pods-RecipeAIappUITests-checkManifestLockResult.txt",
			);
			runOnlyForDeploymentPostprocessing = 0;
			shellPath = /bin/sh;
			shellScript = "diff \"${PODS_PODFILE_DIR_PATH}/Podfile.lock\" \"${PODS_ROOT}/Manifest.lock\" > /dev/null\nif [ $? != 0 ] ; then\n    # print error to STDERR\n    echo \"error: The sandbox is not in sync with the Podfile.lock. Run 'pod install' or update your CocoaPods installation.\" >&2\n    exit 1\nfi\n# This output is used by Xcode 'outputs' to avoid re-running this script phase.\necho \"SUCCESS\" > \"${SCRIPT_OUTPUT_FILE_0}\"\n";
			showEnvVarsInLog = 0;
		};
		C0A5D3217B5C01EFC791332C /* [CP] Check Pods Manifest.lock */ = {
			isa = PBXShellScriptBuildPhase;
			buildActionMask = 2147483647;
			files = (
			);
			inputFileListPaths = (
			);
			inputPaths = (
				"${PODS_PODFILE_DIR_PATH}/Podfile.lock",
				"${PODS_ROOT}/Manifest.lock",
			);
			name = "[CP] Check Pods Manifest.lock";
			outputFileListPaths = (
			);
			outputPaths = (
				"$(DERIVED_FILE_DIR)/Pods-RecipeAIappTests-checkManifestLockResult.txt",
			);
			runOnlyForDeploymentPostprocessing = 0;
			shellPath = /bin/sh;
			shellScript = "diff \"${PODS_PODFILE_DIR_PATH}/Podfile.lock\" \"${PODS_ROOT}/Manifest.lock\" > /dev/null\nif [ $? != 0 ] ; then\n    # print error to STDERR\n    echo \"error: The sandbox is not in sync with the Podfile.lock. Run 'pod install' or update your CocoaPods installation.\" >&2\n    exit 1\nfi\n# This output is used by Xcode 'outputs' to avoid re-running this script phase.\necho \"SUCCESS\" > \"${SCRIPT_OUTPUT_FILE_0}\"\n";
			showEnvVarsInLog = 0;
		};
		C4AD59A59206853858E1257C /* [CP] Embed Pods Frameworks */ = {
			isa = PBXShellScriptBuildPhase;
			buildActionMask = 2147483647;
			files = (
			);
			inputFileListPaths = (
			);
			inputPaths = (
				"${SRCROOT}/Pods/Target Support Files/Pods-RecipeAIapp/Pods-RecipeAIapp-frameworks.sh",
				"${BUILT_PRODUCTS_DIR}/GTMSessionFetcher/GTMSessionFetcher.framework",
				"${BUILT_PRODUCTS_DIR}/GoogleAPIClientForREST/GoogleAPIClientForREST.framework",
				"${BUILT_PRODUCTS_DIR}/GoogleToolboxForMac/GoogleToolboxForMac.framework",
				"${BUILT_PRODUCTS_DIR}/GoogleUtilities/GoogleUtilities.framework",
				"${BUILT_PRODUCTS_DIR}/Protobuf/Protobuf.framework",
				"${BUILT_PRODUCTS_DIR}/nanopb/nanopb.framework",
			);
			name = "[CP] Embed Pods Frameworks";
			outputFileListPaths = (
			);
			outputPaths = (
				"${TARGET_BUILD_DIR}/${FRAMEWORKS_FOLDER_PATH}/GTMSessionFetcher.framework",
				"${TARGET_BUILD_DIR}/${FRAMEWORKS_FOLDER_PATH}/GoogleAPIClientForREST.framework",
				"${TARGET_BUILD_DIR}/${FRAMEWORKS_FOLDER_PATH}/GoogleToolboxForMac.framework",
				"${TARGET_BUILD_DIR}/${FRAMEWORKS_FOLDER_PATH}/GoogleUtilities.framework",
				"${TARGET_BUILD_DIR}/${FRAMEWORKS_FOLDER_PATH}/Protobuf.framework",
				"${TARGET_BUILD_DIR}/${FRAMEWORKS_FOLDER_PATH}/nanopb.framework",
			);
			runOnlyForDeploymentPostprocessing = 0;
			shellPath = /bin/sh;
			shellScript = "\"${SRCROOT}/Pods/Target Support Files/Pods-RecipeAIapp/Pods-RecipeAIapp-frameworks.sh\"\n";
			showEnvVarsInLog = 0;
		};
/* End PBXShellScriptBuildPhase section */

/* Begin PBXSourcesBuildPhase section */
		E60964E121B7514400BFCBA6 /* Sources */ = {
			isa = PBXSourcesBuildPhase;
			buildActionMask = 2147483647;
			files = (
				E60A0CC621B8C07A00B08613 /* FrameExtractor.swift in Sources */,
				E60964EB21B7514400BFCBA6 /* ViewController.swift in Sources */,
				E60964E921B7514400BFCBA6 /* AppDelegate.swift in Sources */,
				E60A0CC821B8C26500B08613 /* PhotoLibViewController.swift in Sources */,
			);
			runOnlyForDeploymentPostprocessing = 0;
		};
		E60964F521B7514700BFCBA6 /* Sources */ = {
			isa = PBXSourcesBuildPhase;
			buildActionMask = 2147483647;
			files = (
				E60964FE21B7514700BFCBA6 /* RecipeAIappTests.swift in Sources */,
			);
			runOnlyForDeploymentPostprocessing = 0;
		};
		E609650021B7514700BFCBA6 /* Sources */ = {
			isa = PBXSourcesBuildPhase;
			buildActionMask = 2147483647;
			files = (
				E609650921B7514700BFCBA6 /* RecipeAIappUITests.swift in Sources */,
			);
			runOnlyForDeploymentPostprocessing = 0;
		};
/* End PBXSourcesBuildPhase section */

/* Begin PBXTargetDependency section */
		E60964FB21B7514700BFCBA6 /* PBXTargetDependency */ = {
			isa = PBXTargetDependency;
			target = E60964E421B7514400BFCBA6 /* RecipeAIapp */;
			targetProxy = E60964FA21B7514700BFCBA6 /* PBXContainerItemProxy */;
		};
		E609650621B7514700BFCBA6 /* PBXTargetDependency */ = {
			isa = PBXTargetDependency;
			target = E60964E421B7514400BFCBA6 /* RecipeAIapp */;
			targetProxy = E609650521B7514700BFCBA6 /* PBXContainerItemProxy */;
		};
/* End PBXTargetDependency section */

/* Begin PBXVariantGroup section */
		E60964EC21B7514400BFCBA6 /* Main.storyboard */ = {
			isa = PBXVariantGroup;
			children = (
				E60964ED21B7514400BFCBA6 /* Base */,
			);
			name = Main.storyboard;
			sourceTree = "<group>";
		};
		E60964F121B7514600BFCBA6 /* LaunchScreen.storyboard */ = {
			isa = PBXVariantGroup;
			children = (
				E60964F221B7514600BFCBA6 /* Base */,
			);
			name = LaunchScreen.storyboard;
			sourceTree = "<group>";
		};
/* End PBXVariantGroup section */

/* Begin XCBuildConfiguration section */
		E609650B21B7514700BFCBA6 /* Debug */ = {
			isa = XCBuildConfiguration;
			buildSettings = {
				ALWAYS_SEARCH_USER_PATHS = NO;
				CLANG_ANALYZER_NONNULL = YES;
				CLANG_ANALYZER_NUMBER_OBJECT_CONVERSION = YES_AGGRESSIVE;
				CLANG_CXX_LANGUAGE_STANDARD = "gnu++14";
				CLANG_CXX_LIBRARY = "libc++";
				CLANG_ENABLE_MODULES = YES;
				CLANG_ENABLE_OBJC_ARC = YES;
				CLANG_ENABLE_OBJC_WEAK = YES;
				CLANG_WARN_BLOCK_CAPTURE_AUTORELEASING = YES;
				CLANG_WARN_BOOL_CONVERSION = YES;
				CLANG_WARN_COMMA = YES;
				CLANG_WARN_CONSTANT_CONVERSION = YES;
				CLANG_WARN_DEPRECATED_OBJC_IMPLEMENTATIONS = YES;
				CLANG_WARN_DIRECT_OBJC_ISA_USAGE = YES_ERROR;
				CLANG_WARN_DOCUMENTATION_COMMENTS = YES;
				CLANG_WARN_EMPTY_BODY = YES;
				CLANG_WARN_ENUM_CONVERSION = YES;
				CLANG_WARN_INFINITE_RECURSION = YES;
				CLANG_WARN_INT_CONVERSION = YES;
				CLANG_WARN_NON_LITERAL_NULL_CONVERSION = YES;
				CLANG_WARN_OBJC_IMPLICIT_RETAIN_SELF = YES;
				CLANG_WARN_OBJC_LITERAL_CONVERSION = YES;
				CLANG_WARN_OBJC_ROOT_CLASS = YES_ERROR;
				CLANG_WARN_RANGE_LOOP_ANALYSIS = YES;
				CLANG_WARN_STRICT_PROTOTYPES = YES;
				CLANG_WARN_SUSPICIOUS_MOVE = YES;
				CLANG_WARN_UNGUARDED_AVAILABILITY = YES_AGGRESSIVE;
				CLANG_WARN_UNREACHABLE_CODE = YES;
				CLANG_WARN__DUPLICATE_METHOD_MATCH = YES;
				CODE_SIGN_IDENTITY = "iPhone Developer";
				COPY_PHASE_STRIP = NO;
				DEBUG_INFORMATION_FORMAT = dwarf;
				ENABLE_STRICT_OBJC_MSGSEND = YES;
				ENABLE_TESTABILITY = YES;
				GCC_C_LANGUAGE_STANDARD = gnu11;
				GCC_DYNAMIC_NO_PIC = NO;
				GCC_NO_COMMON_BLOCKS = YES;
				GCC_OPTIMIZATION_LEVEL = 0;
				GCC_PREPROCESSOR_DEFINITIONS = (
					"DEBUG=1",
					"$(inherited)",
				);
				GCC_WARN_64_TO_32_BIT_CONVERSION = YES;
				GCC_WARN_ABOUT_RETURN_TYPE = YES_ERROR;
				GCC_WARN_UNDECLARED_SELECTOR = YES;
				GCC_WARN_UNINITIALIZED_AUTOS = YES_AGGRESSIVE;
				GCC_WARN_UNUSED_FUNCTION = YES;
				GCC_WARN_UNUSED_VARIABLE = YES;
				IPHONEOS_DEPLOYMENT_TARGET = 12.1;
				MTL_ENABLE_DEBUG_INFO = INCLUDE_SOURCE;
				MTL_FAST_MATH = YES;
				ONLY_ACTIVE_ARCH = YES;
				SDKROOT = iphoneos;
				SWIFT_ACTIVE_COMPILATION_CONDITIONS = DEBUG;
				SWIFT_OPTIMIZATION_LEVEL = "-Onone";
			};
			name = Debug;
		};
		E609650C21B7514700BFCBA6 /* Release */ = {
			isa = XCBuildConfiguration;
			buildSettings = {
				ALWAYS_SEARCH_USER_PATHS = NO;
				CLANG_ANALYZER_NONNULL = YES;
				CLANG_ANALYZER_NUMBER_OBJECT_CONVERSION = YES_AGGRESSIVE;
				CLANG_CXX_LANGUAGE_STANDARD = "gnu++14";
				CLANG_CXX_LIBRARY = "libc++";
				CLANG_ENABLE_MODULES = YES;
				CLANG_ENABLE_OBJC_ARC = YES;
				CLANG_ENABLE_OBJC_WEAK = YES;
				CLANG_WARN_BLOCK_CAPTURE_AUTORELEASING = YES;
				CLANG_WARN_BOOL_CONVERSION = YES;
				CLANG_WARN_COMMA = YES;
				CLANG_WARN_CONSTANT_CONVERSION = YES;
				CLANG_WARN_DEPRECATED_OBJC_IMPLEMENTATIONS = YES;
				CLANG_WARN_DIRECT_OBJC_ISA_USAGE = YES_ERROR;
				CLANG_WARN_DOCUMENTATION_COMMENTS = YES;
				CLANG_WARN_EMPTY_BODY = YES;
				CLANG_WARN_ENUM_CONVERSION = YES;
				CLANG_WARN_INFINITE_RECURSION = YES;
				CLANG_WARN_INT_CONVERSION = YES;
				CLANG_WARN_NON_LITERAL_NULL_CONVERSION = YES;
				CLANG_WARN_OBJC_IMPLICIT_RETAIN_SELF = YES;
				CLANG_WARN_OBJC_LITERAL_CONVERSION = YES;
				CLANG_WARN_OBJC_ROOT_CLASS = YES_ERROR;
				CLANG_WARN_RANGE_LOOP_ANALYSIS = YES;
				CLANG_WARN_STRICT_PROTOTYPES = YES;
				CLANG_WARN_SUSPICIOUS_MOVE = YES;
				CLANG_WARN_UNGUARDED_AVAILABILITY = YES_AGGRESSIVE;
				CLANG_WARN_UNREACHABLE_CODE = YES;
				CLANG_WARN__DUPLICATE_METHOD_MATCH = YES;
				CODE_SIGN_IDENTITY = "iPhone Developer";
				COPY_PHASE_STRIP = NO;
				DEBUG_INFORMATION_FORMAT = "dwarf-with-dsym";
				ENABLE_NS_ASSERTIONS = NO;
				ENABLE_STRICT_OBJC_MSGSEND = YES;
				GCC_C_LANGUAGE_STANDARD = gnu11;
				GCC_NO_COMMON_BLOCKS = YES;
				GCC_WARN_64_TO_32_BIT_CONVERSION = YES;
				GCC_WARN_ABOUT_RETURN_TYPE = YES_ERROR;
				GCC_WARN_UNDECLARED_SELECTOR = YES;
				GCC_WARN_UNINITIALIZED_AUTOS = YES_AGGRESSIVE;
				GCC_WARN_UNUSED_FUNCTION = YES;
				GCC_WARN_UNUSED_VARIABLE = YES;
				IPHONEOS_DEPLOYMENT_TARGET = 12.1;
				MTL_ENABLE_DEBUG_INFO = NO;
				MTL_FAST_MATH = YES;
				SDKROOT = iphoneos;
				SWIFT_COMPILATION_MODE = wholemodule;
				SWIFT_OPTIMIZATION_LEVEL = "-O";
				VALIDATE_PRODUCT = YES;
			};
			name = Release;
		};
		E609650E21B7514700BFCBA6 /* Debug */ = {
			isa = XCBuildConfiguration;
			baseConfigurationReference = 708980355EB72B8E8489A07A /* Pods-RecipeAIapp.debug.xcconfig */;
			buildSettings = {
				ASSETCATALOG_COMPILER_APPICON_NAME = AppIcon;
				CODE_SIGN_STYLE = Automatic;
				DEVELOPMENT_TEAM = H5U57LFWM5;
				INFOPLIST_FILE = RecipeAIapp/Info.plist;
				LD_RUNPATH_SEARCH_PATHS = (
					"$(inherited)",
					"@executable_path/Frameworks",
				);
				PRODUCT_BUNDLE_IDENTIFIER = com.EnterpriseApps.RecipeAIapp;
				PRODUCT_NAME = "$(TARGET_NAME)";
				SWIFT_VERSION = 4.2;
				TARGETED_DEVICE_FAMILY = 1;
			};
			name = Debug;
		};
		E609650F21B7514700BFCBA6 /* Release */ = {
			isa = XCBuildConfiguration;
			baseConfigurationReference = 19584B5109F63041FA5B1131 /* Pods-RecipeAIapp.release.xcconfig */;
			buildSettings = {
				ASSETCATALOG_COMPILER_APPICON_NAME = AppIcon;
				CODE_SIGN_STYLE = Automatic;
				DEVELOPMENT_TEAM = H5U57LFWM5;
				INFOPLIST_FILE = RecipeAIapp/Info.plist;
				LD_RUNPATH_SEARCH_PATHS = (
					"$(inherited)",
					"@executable_path/Frameworks",
				);
				PRODUCT_BUNDLE_IDENTIFIER = com.EnterpriseApps.RecipeAIapp;
				PRODUCT_NAME = "$(TARGET_NAME)";
				SWIFT_VERSION = 4.2;
				TARGETED_DEVICE_FAMILY = 1;
			};
			name = Release;
		};
		E609651121B7514700BFCBA6 /* Debug */ = {
			isa = XCBuildConfiguration;
			baseConfigurationReference = 9D08B580D5DDF56A897821A7 /* Pods-RecipeAIappTests.debug.xcconfig */;
			buildSettings = {
				ALWAYS_EMBED_SWIFT_STANDARD_LIBRARIES = YES;
				BUNDLE_LOADER = "$(TEST_HOST)";
				CODE_SIGN_STYLE = Automatic;
				DEVELOPMENT_TEAM = H5U57LFWM5;
				INFOPLIST_FILE = RecipeAIappTests/Info.plist;
				LD_RUNPATH_SEARCH_PATHS = (
					"$(inherited)",
					"@executable_path/Frameworks",
					"@loader_path/Frameworks",
				);
				PRODUCT_BUNDLE_IDENTIFIER = com.EnterpriseApps.RecipeAIappTests;
				PRODUCT_NAME = "$(TARGET_NAME)";
				SWIFT_VERSION = 4.2;
				TARGETED_DEVICE_FAMILY = "1,2";
				TEST_HOST = "$(BUILT_PRODUCTS_DIR)/RecipeAIapp.app/RecipeAIapp";
			};
			name = Debug;
		};
		E609651221B7514700BFCBA6 /* Release */ = {
			isa = XCBuildConfiguration;
			baseConfigurationReference = 6D24CD2ADE8A54F30CCD43C4 /* Pods-RecipeAIappTests.release.xcconfig */;
			buildSettings = {
				ALWAYS_EMBED_SWIFT_STANDARD_LIBRARIES = YES;
				BUNDLE_LOADER = "$(TEST_HOST)";
				CODE_SIGN_STYLE = Automatic;
				DEVELOPMENT_TEAM = H5U57LFWM5;
				INFOPLIST_FILE = RecipeAIappTests/Info.plist;
				LD_RUNPATH_SEARCH_PATHS = (
					"$(inherited)",
					"@executable_path/Frameworks",
					"@loader_path/Frameworks",
				);
				PRODUCT_BUNDLE_IDENTIFIER = com.EnterpriseApps.RecipeAIappTests;
				PRODUCT_NAME = "$(TARGET_NAME)";
				SWIFT_VERSION = 4.2;
				TARGETED_DEVICE_FAMILY = "1,2";
				TEST_HOST = "$(BUILT_PRODUCTS_DIR)/RecipeAIapp.app/RecipeAIapp";
			};
			name = Release;
		};
		E609651421B7514700BFCBA6 /* Debug */ = {
			isa = XCBuildConfiguration;
			baseConfigurationReference = 07E1E8BCA0AA515BE666DFD0 /* Pods-RecipeAIappUITests.debug.xcconfig */;
			buildSettings = {
				ALWAYS_EMBED_SWIFT_STANDARD_LIBRARIES = YES;
				CODE_SIGN_STYLE = Automatic;
				DEVELOPMENT_TEAM = H5U57LFWM5;
				INFOPLIST_FILE = RecipeAIappUITests/Info.plist;
				LD_RUNPATH_SEARCH_PATHS = (
					"$(inherited)",
					"@executable_path/Frameworks",
					"@loader_path/Frameworks",
				);
				PRODUCT_BUNDLE_IDENTIFIER = com.EnterpriseApps.RecipeAIappUITests;
				PRODUCT_NAME = "$(TARGET_NAME)";
				SWIFT_VERSION = 4.2;
				TARGETED_DEVICE_FAMILY = "1,2";
				TEST_TARGET_NAME = RecipeAIapp;
			};
			name = Debug;
		};
		E609651521B7514700BFCBA6 /* Release */ = {
			isa = XCBuildConfiguration;
			baseConfigurationReference = 9D1C8F2B373ADF0DDA467346 /* Pods-RecipeAIappUITests.release.xcconfig */;
			buildSettings = {
				ALWAYS_EMBED_SWIFT_STANDARD_LIBRARIES = YES;
				CODE_SIGN_STYLE = Automatic;
				DEVELOPMENT_TEAM = H5U57LFWM5;
				INFOPLIST_FILE = RecipeAIappUITests/Info.plist;
				LD_RUNPATH_SEARCH_PATHS = (
					"$(inherited)",
					"@executable_path/Frameworks",
					"@loader_path/Frameworks",
				);
				PRODUCT_BUNDLE_IDENTIFIER = com.EnterpriseApps.RecipeAIappUITests;
				PRODUCT_NAME = "$(TARGET_NAME)";
				SWIFT_VERSION = 4.2;
				TARGETED_DEVICE_FAMILY = "1,2";
				TEST_TARGET_NAME = RecipeAIapp;
			};
			name = Release;
		};
/* End XCBuildConfiguration section */

/* Begin XCConfigurationList section */
		E60964E021B7514400BFCBA6 /* Build configuration list for PBXProject "RecipeAIapp" */ = {
			isa = XCConfigurationList;
			buildConfigurations = (
				E609650B21B7514700BFCBA6 /* Debug */,
				E609650C21B7514700BFCBA6 /* Release */,
			);
			defaultConfigurationIsVisible = 0;
			defaultConfigurationName = Release;
		};
		E609650D21B7514700BFCBA6 /* Build configuration list for PBXNativeTarget "RecipeAIapp" */ = {
			isa = XCConfigurationList;
			buildConfigurations = (
				E609650E21B7514700BFCBA6 /* Debug */,
				E609650F21B7514700BFCBA6 /* Release */,
			);
			defaultConfigurationIsVisible = 0;
			defaultConfigurationName = Release;
		};
		E609651021B7514700BFCBA6 /* Build configuration list for PBXNativeTarget "RecipeAIappTests" */ = {
			isa = XCConfigurationList;
			buildConfigurations = (
				E609651121B7514700BFCBA6 /* Debug */,
				E609651221B7514700BFCBA6 /* Release */,
			);
			defaultConfigurationIsVisible = 0;
			defaultConfigurationName = Release;
		};
		E609651321B7514700BFCBA6 /* Build configuration list for PBXNativeTarget "RecipeAIappUITests" */ = {
			isa = XCConfigurationList;
			buildConfigurations = (
				E609651421B7514700BFCBA6 /* Debug */,
				E609651521B7514700BFCBA6 /* Release */,
			);
			defaultConfigurationIsVisible = 0;
			defaultConfigurationName = Release;
		};
/* End XCConfigurationList section */
	};
	rootObject = E60964DD21B7514400BFCBA6 /* Project object */;
}
